
Microsoft Visual Studio Solution File, Format Version 12.00
# Visual Studio Version 17
VisualStudioVersion = 17.8.34322.80
MinimumVisualStudioVersion = 10.0.40219.1
Project("{FAE04EC0-301F-11D3-BF4B-00C04F79EFBC}") = "web3auth.api", "web3auth.api\web3auth.api.csproj", "{F2ABB7C6-FC1D-40FC-A141-7C2B46F889E3}"
EndProject
Global
	GlobalSection(SolutionConfigurationPlatforms) = preSolution
		Debug|Any CPU = Debug|Any CPU
		Release|Any CPU = Release|Any CPU
	EndGlobalSection
	GlobalSection(ProjectConfigurationPlatforms) = postSolution
		{F2ABB7C6-FC1D-40FC-A141-7C2B46F889E3}.Debug|Any CPU.ActiveCfg = Debug|Any CPU
		{F2ABB7C6-FC1D-40FC-A141-7C2B46F889E3}.Debug|Any CPU.Build.0 = Debug|Any CPU
		{F2ABB7C6-FC1D-40FC-A141-7C2B46F889E3}.Release|Any CPU.ActiveCfg = Release|Any CPU
		{F2ABB7C6-FC1D-40FC-A141-7C2B46F889E3}.Release|Any CPU.Build.0 = Release|Any CPU
	EndGlobalSection
	GlobalSection(SolutionProperties) = preSolution
		HideSolutionNode = FALSE
	EndGlobalSection
	GlobalSection(ExtensibilityGlobals) = postSolution
		SolutionGuid = {045F5798-3CF3-4A41-8E38-3181F58038CD}
	EndGlobalSection
EndGlobal
